
Microsoft Visual Studio Solution File, Format Version 12.00
# Visual Studio Version 17
VisualStudioVersion = 17.8.34511.84
MinimumVisualStudioVersion = 10.0.40219.1
Project("{9A19103F-16F7-4668-BE54-9A1E7A4F7556}") = "BotWhatsapp", "BotWhatsapp\BotWhatsapp.csproj", "{A9C83874-3238-40E4-AD68-7F0B7B00E373}"
EndProject
Global
	GlobalSection(SolutionConfigurationPlatforms) = preSolution
		Debug|Any CPU = Debug|Any CPU
		Release|Any CPU = Release|Any CPU
	EndGlobalSection
	GlobalSection(ProjectConfigurationPlatforms) = postSolution
		{A9C83874-3238-40E4-AD68-7F0B7B00E373}.Debug|Any CPU.ActiveCfg = Debug|Any CPU
		{A9C83874-3238-40E4-AD68-7F0B7B00E373}.Debug|Any CPU.Build.0 = Debug|Any CPU
		{A9C83874-3238-40E4-AD68-7F0B7B00E373}.Release|Any CPU.ActiveCfg = Release|Any CPU
		{A9C83874-3238-40E4-AD68-7F0B7B00E373}.Release|Any CPU.Build.0 = Release|Any CPU
	EndGlobalSection
	GlobalSection(SolutionProperties) = preSolution
		HideSolutionNode = FALSE
	EndGlobalSection
	GlobalSection(ExtensibilityGlobals) = postSolution
		SolutionGuid = {A15D963C-D737-49D4-93F7-56B053390F51}
	EndGlobalSection
EndGlobal
